
Microsoft Visual Studio Solution File, Format Version 12.00
# Visual Studio Version 16
VisualStudioVersion = 16.0.30320.27
MinimumVisualStudioVersion = 10.0.40219.1
Project("{9A19103F-16F7-4668-BE54-9A1E7A4F7556}") = "Sweeper", "Sweeper\Sweeper\Sweeper.csproj", "{52E577A1-E11A-4DF3-A0E5-8ADB250BBA8B}"
EndProject
Project("{FAE04EC0-301F-11D3-BF4B-00C04F79EFBC}") = "Sweeper.Android", "Sweeper\Sweeper.Android\Sweeper.Android.csproj", "{4AAB5949-B967-4B1D-B108-80D1F6E73751}"
EndProject
Project("{FAE04EC0-301F-11D3-BF4B-00C04F79EFBC}") = "Sweeper.iOS", "Sweeper\Sweeper.iOS\Sweeper.iOS.csproj", "{F8CD3C09-675C-4D70-8747-C280312FCA82}"
EndProject
Project("{FAE04EC0-301F-11D3-BF4B-00C04F79EFBC}") = "Sweeper.Test", "Sweeper\Sweeper.Test\Sweeper.Test.csproj", "{497CAF24-1D9D-490A-8467-2FCC72D0BA3A}"
EndProject
Global
	GlobalSection(SolutionConfigurationPlatforms) = preSolution
		Ad-Hoc|Any CPU = Ad-Hoc|Any CPU
		Ad-Hoc|iPhone = Ad-Hoc|iPhone
		Ad-Hoc|iPhoneSimulator = Ad-Hoc|iPhoneSimulator
		AppStore|Any CPU = AppStore|Any CPU
		AppStore|iPhone = AppStore|iPhone
		AppStore|iPhoneSimulator = AppStore|iPhoneSimulator
		Debug|Any CPU = Debug|Any CPU
		Debug|iPhone = Debug|iPhone
		Debug|iPhoneSimulator = Debug|iPhoneSimulator
		Release|Any CPU = Release|Any CPU
		Release|iPhone = Release|iPhone
		Release|iPhoneSimulator = Release|iPhoneSimulator
	EndGlobalSection
	GlobalSection(ProjectConfigurationPlatforms) = postSolution
		{52E577A1-E11A-4DF3-A0E5-8ADB250BBA8B}.Ad-Hoc|Any CPU.ActiveCfg = Debug|Any CPU
		{52E577A1-E11A-4DF3-A0E5-8ADB250BBA8B}.Ad-Hoc|Any CPU.Build.0 = Debug|Any CPU
		{52E577A1-E11A-4DF3-A0E5-8ADB250BBA8B}.Ad-Hoc|iPhone.ActiveCfg = Debug|Any CPU
		{52E577A1-E11A-4DF3-A0E5-8ADB250BBA8B}.Ad-Hoc|iPhone.Build.0 = Debug|Any CPU
		{52E577A1-E11A-4DF3-A0E5-8ADB250BBA8B}.Ad-Hoc|iPhoneSimulator.ActiveCfg = Debug|Any CPU
		{52E577A1-E11A-4DF3-A0E5-8ADB250BBA8B}.Ad-Hoc|iPhoneSimulator.Build.0 = Debug|Any CPU
		{52E577A1-E11A-4DF3-A0E5-8ADB250BBA8B}.AppStore|Any CPU.ActiveCfg = Debug|Any CPU
		{52E577A1-E11A-4DF3-A0E5-8ADB250BBA8B}.AppStore|Any CPU.Build.0 = Debug|Any CPU
		{52E577A1-E11A-4DF3-A0E5-8ADB250BBA8B}.AppStore|iPhone.ActiveCfg = Debug|Any CPU
		{52E577A1-E11A-4DF3-A0E5-8ADB250BBA8B}.AppStore|iPhone.Build.0 = Debug|Any CPU
		{52E577A1-E11A-4DF3-A0E5-8ADB250BBA8B}.AppStore|iPhoneSimulator.ActiveCfg = Debug|Any CPU
		{52E577A1-E11A-4DF3-A0E5-8ADB250BBA8B}.AppStore|iPhoneSimulator.Build.0 = Debug|Any CPU
		{52E577A1-E11A-4DF3-A0E5-8ADB250BBA8B}.Debug|Any CPU.ActiveCfg = Debug|Any CPU
		{52E577A1-E11A-4DF3-A0E5-8ADB250BBA8B}.Debug|Any CPU.Build.0 = Debug|Any CPU
		{52E577A1-E11A-4DF3-A0E5-8ADB250BBA8B}.Debug|iPhone.ActiveCfg = Debug|Any CPU
		{52E577A1-E11A-4DF3-A0E5-8ADB250BBA8B}.Debug|iPhone.Build.0 = Debug|Any CPU
		{52E577A1-E11A-4DF3-A0E5-8ADB250BBA8B}.Debug|iPhoneSimulator.ActiveCfg = Debug|Any CPU
		{52E577A1-E11A-4DF3-A0E5-8ADB250BBA8B}.Debug|iPhoneSimulator.Build.0 = Debug|Any CPU
		{52E577A1-E11A-4DF3-A0E5-8ADB250BBA8B}.Release|Any CPU.ActiveCfg = Release|Any CPU
		{52E577A1-E11A-4DF3-A0E5-8ADB250BBA8B}.Release|Any CPU.Build.0 = Release|Any CPU
		{52E577A1-E11A-4DF3-A0E5-8ADB250BBA8B}.Release|iPhone.ActiveCfg = Release|Any CPU
		{52E577A1-E11A-4DF3-A0E5-8ADB250BBA8B}.Release|iPhone.Build.0 = Release|Any CPU
		{52E577A1-E11A-4DF3-A0E5-8ADB250BBA8B}.Release|iPhoneSimulator.ActiveCfg = Release|Any CPU
		{52E577A1-E11A-4DF3-A0E5-8ADB250BBA8B}.Release|iPhoneSimulator.Build.0 = Release|Any CPU
		{4AAB5949-B967-4B1D-B108-80D1F6E73751}.Ad-Hoc|Any CPU.ActiveCfg = Release|Any CPU
		{4AAB5949-B967-4B1D-B108-80D1F6E73751}.Ad-Hoc|Any CPU.Build.0 = Release|Any CPU
		{4AAB5949-B967-4B1D-B108-80D1F6E73751}.Ad-Hoc|Any CPU.Deploy.0 = Release|Any CPU
		{4AAB5949-B967-4B1D-B108-80D1F6E73751}.Ad-Hoc|iPhone.ActiveCfg = Release|Any CPU
		{4AAB5949-B967-4B1D-B108-80D1F6E73751}.Ad-Hoc|iPhone.Build.0 = Release|Any CPU
		{4AAB5949-B967-4B1D-B108-80D1F6E73751}.Ad-Hoc|iPhone.Deploy.0 = Release|Any CPU
		{4AAB5949-B967-4B1D-B108-80D1F6E73751}.Ad-Hoc|iPhoneSimulator.ActiveCfg = Release|Any CPU
		{4AAB5949-B967-4B1D-B108-80D1F6E73751}.Ad-Hoc|iPhoneSimulator.Build.0 = Release|Any CPU
		{4AAB5949-B967-4B1D-B108-80D1F6E73751}.Ad-Hoc|iPhoneSimulator.Deploy.0 = Release|Any CPU
		{4AAB5949-B967-4B1D-B108-80D1F6E73751}.AppStore|Any CPU.ActiveCfg = Release|Any CPU
		{4AAB5949-B967-4B1D-B108-80D1F6E73751}.AppStore|Any CPU.Build.0 = Release|Any CPU
		{4AAB5949-B967-4B1D-B108-80D1F6E73751}.AppStore|Any CPU.Deploy.0 = Release|Any CPU
		{4AAB5949-B967-4B1D-B108-80D1F6E73751}.AppStore|iPhone.ActiveCfg = Release|Any CPU
		{4AAB5949-B967-4B1D-B108-80D1F6E73751}.AppStore|iPhone.Build.0 = Release|Any CPU
		{4AAB5949-B967-4B1D-B108-80D1F6E73751}.AppStore|iPhone.Deploy.0 = Release|Any CPU
		{4AAB5949-B967-4B1D-B108-80D1F6E73751}.AppStore|iPhoneSimulator.ActiveCfg = Release|Any CPU
		{4AAB5949-B967-4B1D-B108-80D1F6E73751}.AppStore|iPhoneSimulator.Build.0 = Release|Any CPU
		{4AAB5949-B967-4B1D-B108-80D1F6E73751}.AppStore|iPhoneSimulator.Deploy.0 = Release|Any CPU
		{4AAB5949-B967-4B1D-B108-80D1F6E73751}.Debug|Any CPU.ActiveCfg = Debug|Any CPU
		{4AAB5949-B967-4B1D-B108-80D1F6E73751}.Debug|Any CPU.Build.0 = Debug|Any CPU
		{4AAB5949-B967-4B1D-B108-80D1F6E73751}.Debug|Any CPU.Deploy.0 = Debug|Any CPU
		{4AAB5949-B967-4B1D-B108-80D1F6E73751}.Debug|iPhone.ActiveCfg = Debug|Any CPU
		{4AAB5949-B967-4B1D-B108-80D1F6E73751}.Debug|iPhone.Build.0 = Debug|Any CPU
		{4AAB5949-B967-4B1D-B108-80D1F6E73751}.Debug|iPhone.Deploy.0 = Debug|Any CPU
		{4AAB5949-B967-4B1D-B108-80D1F6E73751}.Debug|iPhoneSimulator.ActiveCfg = Debug|Any CPU
		{4AAB5949-B967-4B1D-B108-80D1F6E73751}.Debug|iPhoneSimulator.Build.0 = Debug|Any CPU
		{4AAB5949-B967-4B1D-B108-80D1F6E73751}.Debug|iPhoneSimulator.Deploy.0 = Debug|Any CPU
		{4AAB5949-B967-4B1D-B108-80D1F6E73751}.Release|Any CPU.ActiveCfg = Release|Any CPU
		{4AAB5949-B967-4B1D-B108-80D1F6E73751}.Release|Any CPU.Build.0 = Release|Any CPU
		{4AAB5949-B967-4B1D-B108-80D1F6E73751}.Release|Any CPU.Deploy.0 = Release|Any CPU
		{4AAB5949-B967-4B1D-B108-80D1F6E73751}.Release|iPhone.ActiveCfg = Release|Any CPU
		{4AAB5949-B967-4B1D-B108-80D1F6E73751}.Release|iPhone.Build.0 = Release|Any CPU
		{4AAB5949-B967-4B1D-B108-80D1F6E73751}.Release|iPhone.Deploy.0 = Release|Any CPU
		{4AAB5949-B967-4B1D-B108-80D1F6E73751}.Release|iPhoneSimulator.ActiveCfg = Release|Any CPU
		{4AAB5949-B967-4B1D-B108-80D1F6E73751}.Release|iPhoneSimulator.Build.0 = Release|Any CPU
		{4AAB5949-B967-4B1D-B108-80D1F6E73751}.Release|iPhoneSimulator.Deploy.0 = Release|Any CPU
		{F8CD3C09-675C-4D70-8747-C280312FCA82}.Ad-Hoc|Any CPU.ActiveCfg = Ad-Hoc|iPhone
		{F8CD3C09-675C-4D70-8747-C280312FCA82}.Ad-Hoc|iPhone.ActiveCfg = Ad-Hoc|iPhone
		{F8CD3C09-675C-4D70-8747-C280312FCA82}.Ad-Hoc|iPhone.Build.0 = Ad-Hoc|iPhone
		{F8CD3C09-675C-4D70-8747-C280312FCA82}.Ad-Hoc|iPhoneSimulator.ActiveCfg = Ad-Hoc|iPhoneSimulator
		{F8CD3C09-675C-4D70-8747-C280312FCA82}.Ad-Hoc|iPhoneSimulator.Build.0 = Ad-Hoc|iPhoneSimulator
		{F8CD3C09-675C-4D70-8747-C280312FCA82}.AppStore|Any CPU.ActiveCfg = AppStore|iPhone
		{F8CD3C09-675C-4D70-8747-C280312FCA82}.AppStore|iPhone.ActiveCfg = AppStore|iPhone
		{F8CD3C09-675C-4D70-8747-C280312FCA82}.AppStore|iPhone.Build.0 = AppStore|iPhone
		{F8CD3C09-675C-4D70-8747-C280312FCA82}.AppStore|iPhoneSimulator.ActiveCfg = AppStore|iPhoneSimulator
		{F8CD3C09-675C-4D70-8747-C280312FCA82}.AppStore|iPhoneSimulator.Build.0 = AppStore|iPhoneSimulator
		{F8CD3C09-675C-4D70-8747-C280312FCA82}.Debug|Any CPU.ActiveCfg = Debug|iPhone
		{F8CD3C09-675C-4D70-8747-C280312FCA82}.Debug|iPhone.ActiveCfg = Debug|iPhone
		{F8CD3C09-675C-4D70-8747-C280312FCA82}.Debug|iPhone.Build.0 = Debug|iPhone
		{F8CD3C09-675C-4D70-8747-C280312FCA82}.Debug|iPhoneSimulator.ActiveCfg = Debug|iPhoneSimulator
		{F8CD3C09-675C-4D70-8747-C280312FCA82}.Debug|iPhoneSimulator.Build.0 = Debug|iPhoneSimulator
		{F8CD3C09-675C-4D70-8747-C280312FCA82}.Release|Any CPU.ActiveCfg = Release|iPhone
		{F8CD3C09-675C-4D70-8747-C280312FCA82}.Release|iPhone.ActiveCfg = Release|iPhone
		{F8CD3C09-675C-4D70-8747-C280312FCA82}.Release|iPhone.Build.0 = Release|iPhone
		{F8CD3C09-675C-4D70-8747-C280312FCA82}.Release|iPhoneSimulator.ActiveCfg = Release|iPhoneSimulator
		{F8CD3C09-675C-4D70-8747-C280312FCA82}.Release|iPhoneSimulator.Build.0 = Release|iPhoneSimulator
		{497CAF24-1D9D-490A-8467-2FCC72D0BA3A}.Ad-Hoc|Any CPU.ActiveCfg = Release|Any CPU
		{497CAF24-1D9D-490A-8467-2FCC72D0BA3A}.Ad-Hoc|Any CPU.Build.0 = Release|Any CPU
		{497CAF24-1D9D-490A-8467-2FCC72D0BA3A}.Ad-Hoc|iPhone.ActiveCfg = Release|Any CPU
		{497CAF24-1D9D-490A-8467-2FCC72D0BA3A}.Ad-Hoc|iPhone.Build.0 = Release|Any CPU
		{497CAF24-1D9D-490A-8467-2FCC72D0BA3A}.Ad-Hoc|iPhoneSimulator.ActiveCfg = Release|Any CPU
		{497CAF24-1D9D-490A-8467-2FCC72D0BA3A}.Ad-Hoc|iPhoneSimulator.Build.0 = Release|Any CPU
		{497CAF24-1D9D-490A-8467-2FCC72D0BA3A}.AppStore|Any CPU.ActiveCfg = Release|Any CPU
		{497CAF24-1D9D-490A-8467-2FCC72D0BA3A}.AppStore|Any CPU.Build.0 = Release|Any CPU
		{497CAF24-1D9D-490A-8467-2FCC72D0BA3A}.AppStore|iPhone.ActiveCfg = Release|Any CPU
		{497CAF24-1D9D-490A-8467-2FCC72D0BA3A}.AppStore|iPhone.Build.0 = Release|Any CPU
		{497CAF24-1D9D-490A-8467-2FCC72D0BA3A}.AppStore|iPhoneSimulator.ActiveCfg = Release|Any CPU
		{497CAF24-1D9D-490A-8467-2FCC72D0BA3A}.AppStore|iPhoneSimulator.Build.0 = Release|Any CPU
		{497CAF24-1D9D-490A-8467-2FCC72D0BA3A}.Debug|Any CPU.ActiveCfg = Debug|Any CPU
		{497CAF24-1D9D-490A-8467-2FCC72D0BA3A}.Debug|Any CPU.Build.0 = Debug|Any CPU
		{497CAF24-1D9D-490A-8467-2FCC72D0BA3A}.Debug|iPhone.ActiveCfg = Debug|Any CPU
		{497CAF24-1D9D-490A-8467-2FCC72D0BA3A}.Debug|iPhone.Build.0 = Debug|Any CPU
		{497CAF24-1D9D-490A-8467-2FCC72D0BA3A}.Debug|iPhoneSimulator.ActiveCfg = Debug|Any CPU
		{497CAF24-1D9D-490A-8467-2FCC72D0BA3A}.Debug|iPhoneSimulator.Build.0 = Debug|Any CPU
		{497CAF24-1D9D-490A-8467-2FCC72D0BA3A}.Release|Any CPU.ActiveCfg = Release|Any CPU
		{497CAF24-1D9D-490A-8467-2FCC72D0BA3A}.Release|Any CPU.Build.0 = Release|Any CPU
		{497CAF24-1D9D-490A-8467-2FCC72D0BA3A}.Release|iPhone.ActiveCfg = Release|Any CPU
		{497CAF24-1D9D-490A-8467-2FCC72D0BA3A}.Release|iPhone.Build.0 = Release|Any CPU
		{497CAF24-1D9D-490A-8467-2FCC72D0BA3A}.Release|iPhoneSimulator.ActiveCfg = Release|Any CPU
		{497CAF24-1D9D-490A-8467-2FCC72D0BA3A}.Release|iPhoneSimulator.Build.0 = Release|Any CPU
	EndGlobalSection
	GlobalSection(SolutionProperties) = preSolution
		HideSolutionNode = FALSE
	EndGlobalSection
	GlobalSection(ExtensibilityGlobals) = postSolution
		SolutionGuid = {761F0CA6-187F-4620-9080-C65A61E5122C}
	EndGlobalSection
EndGlobal
